// !$*UTF8*$!
{
	archiveVersion = 1;
	classes = {
	};
	objectVersion = 56;
	objects = {

/* Begin PBXBuildFile section */
		DD003D5829951F61000A68AB /* JustDoItApp.swift in Sources */ = {isa = PBXBuildFile; fileRef = DD003D5729951F61000A68AB /* JustDoItApp.swift */; };
		DD003D5A29951F61000A68AB /* ContentView.swift in Sources */ = {isa = PBXBuildFile; fileRef = DD003D5929951F61000A68AB /* ContentView.swift */; };
		DD003D5C29951F62000A68AB /* Assets.xcassets in Resources */ = {isa = PBXBuildFile; fileRef = DD003D5B29951F62000A68AB /* Assets.xcassets */; };
		DD003D5F29951F62000A68AB /* Preview Assets.xcassets in Resources */ = {isa = PBXBuildFile; fileRef = DD003D5E29951F62000A68AB /* Preview Assets.xcassets */; };
		DDA418472996136E000F9572 /* TasksView.swift in Sources */ = {isa = PBXBuildFile; fileRef = DDA418462996136E000F9572 /* TasksView.swift */; };
		DDA4184B299614DE000F9572 /* Color.swift in Sources */ = {isa = PBXBuildFile; fileRef = DDA4184A299614DE000F9572 /* Color.swift */; };
		DDA4184E29961635000F9572 /* TaskRow.swift in Sources */ = {isa = PBXBuildFile; fileRef = DDA4184D29961635000F9572 /* TaskRow.swift */; };
		DDA4185029961969000F9572 /* AddTaskView.swift in Sources */ = {isa = PBXBuildFile; fileRef = DDA4184F29961969000F9572 /* AddTaskView.swift */; };
		DDA41854299621EC000F9572 /* MainAddButton.swift in Sources */ = {isa = PBXBuildFile; fileRef = DDA41853299621EC000F9572 /* MainAddButton.swift */; };
		DDA4185729962937000F9572 /* Realm in Frameworks */ = {isa = PBXBuildFile; productRef = DDA4185629962937000F9572 /* Realm */; };
		DDA4185929962937000F9572 /* RealmSwift in Frameworks */ = {isa = PBXBuildFile; productRef = DDA4185829962937000F9572 /* RealmSwift */; };
		DDA4185B29962AAD000F9572 /* RealmManager.swift in Sources */ = {isa = PBXBuildFile; fileRef = DDA4185A29962AAD000F9572 /* RealmManager.swift */; };
		DDA4185D29962C1C000F9572 /* Task.swift in Sources */ = {isa = PBXBuildFile; fileRef = DDA4185C29962C1C000F9572 /* Task.swift */; };
/* End PBXBuildFile section */

/* Begin PBXFileReference section */
		DD003D5429951F61000A68AB /* JustDoIt.app */ = {isa = PBXFileReference; explicitFileType = wrapper.application; includeInIndex = 0; path = JustDoIt.app; sourceTree = BUILT_PRODUCTS_DIR; };
		DD003D5729951F61000A68AB /* JustDoItApp.swift */ = {isa = PBXFileReference; lastKnownFileType = sourcecode.swift; path = JustDoItApp.swift; sourceTree = "<group>"; };
		DD003D5929951F61000A68AB /* ContentView.swift */ = {isa = PBXFileReference; lastKnownFileType = sourcecode.swift; path = ContentView.swift; sourceTree = "<group>"; };
		DD003D5B29951F62000A68AB /* Assets.xcassets */ = {isa = PBXFileReference; lastKnownFileType = folder.assetcatalog; path = Assets.xcassets; sourceTree = "<group>"; };
		DD003D5E29951F62000A68AB /* Preview Assets.xcassets */ = {isa = PBXFileReference; lastKnownFileType = folder.assetcatalog; path = "Preview Assets.xcassets"; sourceTree = "<group>"; };
		DDA418462996136E000F9572 /* TasksView.swift */ = {isa = PBXFileReference; lastKnownFileType = sourcecode.swift; path = TasksView.swift; sourceTree = "<group>"; };
		DDA4184A299614DE000F9572 /* Color.swift */ = {isa = PBXFileReference; lastKnownFileType = sourcecode.swift; path = Color.swift; sourceTree = "<group>"; };
		DDA4184D29961635000F9572 /* TaskRow.swift */ = {isa = PBXFileReference; lastKnownFileType = sourcecode.swift; path = TaskRow.swift; sourceTree = "<group>"; };
		DDA4184F29961969000F9572 /* AddTaskView.swift */ = {isa = PBXFileReference; lastKnownFileType = sourcecode.swift; path = AddTaskView.swift; sourceTree = "<group>"; };
		DDA41853299621EC000F9572 /* MainAddButton.swift */ = {isa = PBXFileReference; lastKnownFileType = sourcecode.swift; path = MainAddButton.swift; sourceTree = "<group>"; };
		DDA4185A29962AAD000F9572 /* RealmManager.swift */ = {isa = PBXFileReference; lastKnownFileType = sourcecode.swift; path = RealmManager.swift; sourceTree = "<group>"; };
		DDA4185C29962C1C000F9572 /* Task.swift */ = {isa = PBXFileReference; lastKnownFileType = sourcecode.swift; path = Task.swift; sourceTree = "<group>"; };
/* End PBXFileReference section */

/* Begin PBXFrameworksBuildPhase section */
		DD003D5129951F61000A68AB /* Frameworks */ = {
			isa = PBXFrameworksBuildPhase;
			buildActionMask = 2147483647;
			files = (
				DDA4185929962937000F9572 /* RealmSwift in Frameworks */,
				DDA4185729962937000F9572 /* Realm in Frameworks */,
			);
			runOnlyForDeploymentPostprocessing = 0;
		};
/* End PBXFrameworksBuildPhase section */

/* Begin PBXGroup section */
		DD003D4B29951F61000A68AB = {
			isa = PBXGroup;
			children = (
				DD003D5629951F61000A68AB /* JustDoIt */,
				DD003D5529951F61000A68AB /* Products */,
			);
			sourceTree = "<group>";
		};
		DD003D5529951F61000A68AB /* Products */ = {
			isa = PBXGroup;
			children = (
				DD003D5429951F61000A68AB /* JustDoIt.app */,
			);
			name = Products;
			sourceTree = "<group>";
		};
		DD003D5629951F61000A68AB /* JustDoIt */ = {
			isa = PBXGroup;
			children = (
				DDA41849299614CC000F9572 /* Common */,
				DDA4184C29961617000F9572 /* Components */,
				DDA418482996137A000F9572 /* Views */,
				DD003D5729951F61000A68AB /* JustDoItApp.swift */,
				DD003D5B29951F62000A68AB /* Assets.xcassets */,
				DD003D5D29951F62000A68AB /* Preview Content */,
			);
			path = JustDoIt;
			sourceTree = "<group>";
		};
		DD003D5D29951F62000A68AB /* Preview Content */ = {
			isa = PBXGroup;
			children = (
				DD003D5E29951F62000A68AB /* Preview Assets.xcassets */,
			);
			path = "Preview Content";
			sourceTree = "<group>";
		};
		DDA418482996137A000F9572 /* Views */ = {
			isa = PBXGroup;
			children = (
				DD003D5929951F61000A68AB /* ContentView.swift */,
				DDA418462996136E000F9572 /* TasksView.swift */,
				DDA4184F29961969000F9572 /* AddTaskView.swift */,
			);
			path = Views;
			sourceTree = "<group>";
		};
		DDA41849299614CC000F9572 /* Common */ = {
			isa = PBXGroup;
			children = (
				DDA4184A299614DE000F9572 /* Color.swift */,
				DDA4185E29962C29000F9572 /* Realm */,
			);
			path = Common;
			sourceTree = "<group>";
		};
		DDA4184C29961617000F9572 /* Components */ = {
			isa = PBXGroup;
			children = (
				DDA4184D29961635000F9572 /* TaskRow.swift */,
				DDA41853299621EC000F9572 /* MainAddButton.swift */,
			);
			path = Components;
			sourceTree = "<group>";
		};
		DDA4185E29962C29000F9572 /* Realm */ = {
			isa = PBXGroup;
			children = (
				DDA4185A29962AAD000F9572 /* RealmManager.swift */,
				DDA4185C29962C1C000F9572 /* Task.swift */,
			);
			path = Realm;
			sourceTree = "<group>";
		};
/* End PBXGroup section */

/* Begin PBXNativeTarget section */
		DD003D5329951F61000A68AB /* JustDoIt */ = {
			isa = PBXNativeTarget;
			buildConfigurationList = DD003D6229951F62000A68AB /* Build configuration list for PBXNativeTarget "JustDoIt" */;
			buildPhases = (
				DD003D5029951F61000A68AB /* Sources */,
				DD003D5129951F61000A68AB /* Frameworks */,
				DD003D5229951F61000A68AB /* Resources */,
			);
			buildRules = (
			);
			dependencies = (
			);
			name = JustDoIt;
			packageProductDependencies = (
				DDA4185629962937000F9572 /* Realm */,
				DDA4185829962937000F9572 /* RealmSwift */,
			);
			productName = JustDoIt;
			productReference = DD003D5429951F61000A68AB /* JustDoIt.app */;
			productType = "com.apple.product-type.application";
		};
/* End PBXNativeTarget section */

/* Begin PBXProject section */
		DD003D4C29951F61000A68AB /* Project object */ = {
			isa = PBXProject;
			attributes = {
				BuildIndependentTargetsInParallel = 1;
				LastSwiftUpdateCheck = 1420;
				LastUpgradeCheck = 1420;
				TargetAttributes = {
					DD003D5329951F61000A68AB = {
						CreatedOnToolsVersion = 14.2;
					};
				};
			};
			buildConfigurationList = DD003D4F29951F61000A68AB /* Build configuration list for PBXProject "JustDoIt" */;
			compatibilityVersion = "Xcode 14.0";
			developmentRegion = en;
			hasScannedForEncodings = 0;
			knownRegions = (
				en,
				Base,
			);
			mainGroup = DD003D4B29951F61000A68AB;
			packageReferences = (
				DDA4185529962936000F9572 /* XCRemoteSwiftPackageReference "realm-swift" */,
			);
			productRefGroup = DD003D5529951F61000A68AB /* Products */;
			projectDirPath = "";
			projectRoot = "";
			targets = (
				DD003D5329951F61000A68AB /* JustDoIt */,
			);
		};
/* End PBXProject section */

/* Begin PBXResourcesBuildPhase section */
		DD003D5229951F61000A68AB /* Resources */ = {
			isa = PBXResourcesBuildPhase;
			buildActionMask = 2147483647;
			files = (
				DD003D5F29951F62000A68AB /* Preview Assets.xcassets in Resources */,
				DD003D5C29951F62000A68AB /* Assets.xcassets in Resources */,
			);
			runOnlyForDeploymentPostprocessing = 0;
		};
/* End PBXResourcesBuildPhase section */

/* Begin PBXSourcesBuildPhase section */
		DD003D5029951F61000A68AB /* Sources */ = {
			isa = PBXSourcesBuildPhase;
			buildActionMask = 2147483647;
			files = (
				DDA4184E29961635000F9572 /* TaskRow.swift in Sources */,
				DDA4185B29962AAD000F9572 /* RealmManager.swift in Sources */,
				DDA41854299621EC000F9572 /* MainAddButton.swift in Sources */,
				DD003D5A29951F61000A68AB /* ContentView.swift in Sources */,
				DDA4184B299614DE000F9572 /* Color.swift in Sources */,
				DDA4185029961969000F9572 /* AddTaskView.swift in Sources */,
				DDA418472996136E000F9572 /* TasksView.swift in Sources */,
				DDA4185D29962C1C000F9572 /* Task.swift in Sources */,
				DD003D5829951F61000A68AB /* JustDoItApp.swift in Sources */,
			);
			runOnlyForDeploymentPostprocessing = 0;
		};
/* End PBXSourcesBuildPhase section */

/* Begin XCBuildConfiguration section */
		DD003D6029951F62000A68AB /* Debug */ = {
			isa = XCBuildConfiguration;
			buildSettings = {
				ALWAYS_SEARCH_USER_PATHS = NO;
				CLANG_ANALYZER_NONNULL = YES;
				CLANG_ANALYZER_NUMBER_OBJECT_CONVERSION = YES_AGGRESSIVE;
				CLANG_CXX_LANGUAGE_STANDARD = "gnu++20";
				CLANG_ENABLE_MODULES = YES;
				CLANG_ENABLE_OBJC_ARC = YES;
				CLANG_ENABLE_OBJC_WEAK = YES;
				CLANG_WARN_BLOCK_CAPTURE_AUTORELEASING = YES;
				CLANG_WARN_BOOL_CONVERSION = YES;
				CLANG_WARN_COMMA = YES;
				CLANG_WARN_CONSTANT_CONVERSION = YES;
				CLANG_WARN_DEPRECATED_OBJC_IMPLEMENTATIONS = YES;
				CLANG_WARN_DIRECT_OBJC_ISA_USAGE = YES_ERROR;
				CLANG_WARN_DOCUMENTATION_COMMENTS = YES;
				CLANG_WARN_EMPTY_BODY = YES;
				CLANG_WARN_ENUM_CONVERSION = YES;
				CLANG_WARN_INFINITE_RECURSION = YES;
				CLANG_WARN_INT_CONVERSION = YES;
				CLANG_WARN_NON_LITERAL_NULL_CONVERSION = YES;
				CLANG_WARN_OBJC_IMPLICIT_RETAIN_SELF = YES;
				CLANG_WARN_OBJC_LITERAL_CONVERSION = YES;
				CLANG_WARN_OBJC_ROOT_CLASS = YES_ERROR;
				CLANG_WARN_QUOTED_INCLUDE_IN_FRAMEWORK_HEADER = YES;
				CLANG_WARN_RANGE_LOOP_ANALYSIS = YES;
				CLANG_WARN_STRICT_PROTOTYPES = YES;
				CLANG_WARN_SUSPICIOUS_MOVE = YES;
				CLANG_WARN_UNGUARDED_AVAILABILITY = YES_AGGRESSIVE;
				CLANG_WARN_UNREACHABLE_CODE = YES;
				CLANG_WARN__DUPLICATE_METHOD_MATCH = YES;
				COPY_PHASE_STRIP = NO;
				DEBUG_INFORMATION_FORMAT = dwarf;
				ENABLE_STRICT_OBJC_MSGSEND = YES;
				ENABLE_TESTABILITY = YES;
				GCC_C_LANGUAGE_STANDARD = gnu11;
				GCC_DYNAMIC_NO_PIC = NO;
				GCC_NO_COMMON_BLOCKS = YES;
				GCC_OPTIMIZATION_LEVEL = 0;
				GCC_PREPROCESSOR_DEFINITIONS = (
					"DEBUG=1",
					"$(inherited)",
				);
				GCC_WARN_64_TO_32_BIT_CONVERSION = YES;
				GCC_WARN_ABOUT_RETURN_TYPE = YES_ERROR;
				GCC_WARN_UNDECLARED_SELECTOR = YES;
				GCC_WARN_UNINITIALIZED_AUTOS = YES_AGGRESSIVE;
				GCC_WARN_UNUSED_FUNCTION = YES;
				GCC_WARN_UNUSED_VARIABLE = YES;
				IPHONEOS_DEPLOYMENT_TARGET = 16.2;
				MTL_ENABLE_DEBUG_INFO = INCLUDE_SOURCE;
				MTL_FAST_MATH = YES;
				ONLY_ACTIVE_ARCH = YES;
				SDKROOT = iphoneos;
				SWIFT_ACTIVE_COMPILATION_CONDITIONS = DEBUG;
				SWIFT_OPTIMIZATION_LEVEL = "-Onone";
			};
			name = Debug;
		};
		DD003D6129951F62000A68AB /* Release */ = {
			isa = XCBuildConfiguration;
			buildSettings = {
				ALWAYS_SEARCH_USER_PATHS = NO;
				CLANG_ANALYZER_NONNULL = YES;
				CLANG_ANALYZER_NUMBER_OBJECT_CONVERSION = YES_AGGRESSIVE;
				CLANG_CXX_LANGUAGE_STANDARD = "gnu++20";
				CLANG_ENABLE_MODULES = YES;
				CLANG_ENABLE_OBJC_ARC = YES;
				CLANG_ENABLE_OBJC_WEAK = YES;
				CLANG_WARN_BLOCK_CAPTURE_AUTORELEASING = YES;
				CLANG_WARN_BOOL_CONVERSION = YES;
				CLANG_WARN_COMMA = YES;
				CLANG_WARN_CONSTANT_CONVERSION = YES;
				CLANG_WARN_DEPRECATED_OBJC_IMPLEMENTATIONS = YES;
				CLANG_WARN_DIRECT_OBJC_ISA_USAGE = YES_ERROR;
				CLANG_WARN_DOCUMENTATION_COMMENTS = YES;
				CLANG_WARN_EMPTY_BODY = YES;
				CLANG_WARN_ENUM_CONVERSION = YES;
				CLANG_WARN_INFINITE_RECURSION = YES;
				CLANG_WARN_INT_CONVERSION = YES;
				CLANG_WARN_NON_LITERAL_NULL_CONVERSION = YES;
				CLANG_WARN_OBJC_IMPLICIT_RETAIN_SELF = YES;
				CLANG_WARN_OBJC_LITERAL_CONVERSION = YES;
				CLANG_WARN_OBJC_ROOT_CLASS = YES_ERROR;
				CLANG_WARN_QUOTED_INCLUDE_IN_FRAMEWORK_HEADER = YES;
				CLANG_WARN_RANGE_LOOP_ANALYSIS = YES;
				CLANG_WARN_STRICT_PROTOTYPES = YES;
				CLANG_WARN_SUSPICIOUS_MOVE = YES;
				CLANG_WARN_UNGUARDED_AVAILABILITY = YES_AGGRESSIVE;
				CLANG_WARN_UNREACHABLE_CODE = YES;
				CLANG_WARN__DUPLICATE_METHOD_MATCH = YES;
				COPY_PHASE_STRIP = NO;
				DEBUG_INFORMATION_FORMAT = "dwarf-with-dsym";
				ENABLE_NS_ASSERTIONS = NO;
				ENABLE_STRICT_OBJC_MSGSEND = YES;
				GCC_C_LANGUAGE_STANDARD = gnu11;
				GCC_NO_COMMON_BLOCKS = YES;
				GCC_WARN_64_TO_32_BIT_CONVERSION = YES;
				GCC_WARN_ABOUT_RETURN_TYPE = YES_ERROR;
				GCC_WARN_UNDECLARED_SELECTOR = YES;
				GCC_WARN_UNINITIALIZED_AUTOS = YES_AGGRESSIVE;
				GCC_WARN_UNUSED_FUNCTION = YES;
				GCC_WARN_UNUSED_VARIABLE = YES;
				IPHONEOS_DEPLOYMENT_TARGET = 16.2;
				MTL_ENABLE_DEBUG_INFO = NO;
				MTL_FAST_MATH = YES;
				SDKROOT = iphoneos;
				SWIFT_COMPILATION_MODE = wholemodule;
				SWIFT_OPTIMIZATION_LEVEL = "-O";
				VALIDATE_PRODUCT = YES;
			};
			name = Release;
		};
		DD003D6329951F62000A68AB /* Debug */ = {
			isa = XCBuildConfiguration;
			buildSettings = {
				ASSETCATALOG_COMPILER_APPICON_NAME = AppIcon;
				ASSETCATALOG_COMPILER_GLOBAL_ACCENT_COLOR_NAME = AccentColor;
				CODE_SIGN_STYLE = Automatic;
				CURRENT_PROJECT_VERSION = 1;
				DEVELOPMENT_ASSET_PATHS = "\"JustDoIt/Preview Content\"";
				DEVELOPMENT_TEAM = Z429BM88YZ;
				ENABLE_PREVIEWS = YES;
				GENERATE_INFOPLIST_FILE = YES;
				INFOPLIST_KEY_UIApplicationSceneManifest_Generation = YES;
				INFOPLIST_KEY_UIApplicationSupportsIndirectInputEvents = YES;
				INFOPLIST_KEY_UILaunchScreen_Generation = YES;
				INFOPLIST_KEY_UISupportedInterfaceOrientations_iPad = "UIInterfaceOrientationPortrait UIInterfaceOrientationPortraitUpsideDown UIInterfaceOrientationLandscapeLeft UIInterfaceOrientationLandscapeRight";
				INFOPLIST_KEY_UISupportedInterfaceOrientations_iPhone = "UIInterfaceOrientationPortrait UIInterfaceOrientationLandscapeLeft UIInterfaceOrientationLandscapeRight";
				LD_RUNPATH_SEARCH_PATHS = (
					"$(inherited)",
					"@executable_path/Frameworks",
				);
				MARKETING_VERSION = 1.0;
				PRODUCT_BUNDLE_IDENTIFIER = me.jeongkite.JustDoIt;
				PRODUCT_NAME = "$(TARGET_NAME)";
				SWIFT_EMIT_LOC_STRINGS = YES;
				SWIFT_VERSION = 5.0;
				TARGETED_DEVICE_FAMILY = "1,2";
			};
			name = Debug;
		};
		DD003D6429951F62000A68AB /* Release */ = {
			isa = XCBuildConfiguration;
			buildSettings = {
				ASSETCATALOG_COMPILER_APPICON_NAME = AppIcon;
				ASSETCATALOG_COMPILER_GLOBAL_ACCENT_COLOR_NAME = AccentColor;
				CODE_SIGN_STYLE = Automatic;
				CURRENT_PROJECT_VERSION = 1;
				DEVELOPMENT_ASSET_PATHS = "\"JustDoIt/Preview Content\"";
				DEVELOPMENT_TEAM = Z429BM88YZ;
				ENABLE_PREVIEWS = YES;
				GENERATE_INFOPLIST_FILE = YES;
				INFOPLIST_KEY_UIApplicationSceneManifest_Generation = YES;
				INFOPLIST_KEY_UIApplicationSupportsIndirectInputEvents = YES;
				INFOPLIST_KEY_UILaunchScreen_Generation = YES;
				INFOPLIST_KEY_UISupportedInterfaceOrientations_iPad = "UIInterfaceOrientationPortrait UIInterfaceOrientationPortraitUpsideDown UIInterfaceOrientationLandscapeLeft UIInterfaceOrientationLandscapeRight";
				INFOPLIST_KEY_UISupportedInterfaceOrientations_iPhone = "UIInterfaceOrientationPortrait UIInterfaceOrientationLandscapeLeft UIInterfaceOrientationLandscapeRight";
				LD_RUNPATH_SEARCH_PATHS = (
					"$(inherited)",
					"@executable_path/Frameworks",
				);
				MARKETING_VERSION = 1.0;
				PRODUCT_BUNDLE_IDENTIFIER = me.jeongkite.JustDoIt;
				PRODUCT_NAME = "$(TARGET_NAME)";
				SWIFT_EMIT_LOC_STRINGS = YES;
				SWIFT_VERSION = 5.0;
				TARGETED_DEVICE_FAMILY = "1,2";
			};
			name = Release;
		};
/* End XCBuildConfiguration section */

/* Begin XCConfigurationList section */
		DD003D4F29951F61000A68AB /* Build configuration list for PBXProject "JustDoIt" */ = {
			isa = XCConfigurationList;
			buildConfigurations = (
				DD003D6029951F62000A68AB /* Debug */,
				DD003D6129951F62000A68AB /* Release */,
			);
			defaultConfigurationIsVisible = 0;
			defaultConfigurationName = Release;
		};
		DD003D6229951F62000A68AB /* Build configuration list for PBXNativeTarget "JustDoIt" */ = {
			isa = XCConfigurationList;
			buildConfigurations = (
				DD003D6329951F62000A68AB /* Debug */,
				DD003D6429951F62000A68AB /* Release */,
			);
			defaultConfigurationIsVisible = 0;
			defaultConfigurationName = Release;
		};
/* End XCConfigurationList section */

/* Begin XCRemoteSwiftPackageReference section */
		DDA4185529962936000F9572 /* XCRemoteSwiftPackageReference "realm-swift" */ = {
			isa = XCRemoteSwiftPackageReference;
			repositoryURL = "https://github.com/realm/realm-swift.git";
			requirement = {
				kind = upToNextMajorVersion;
				minimumVersion = 10.10.0;
			};
		};
/* End XCRemoteSwiftPackageReference section */

/* Begin XCSwiftPackageProductDependency section */
		DDA4185629962937000F9572 /* Realm */ = {
			isa = XCSwiftPackageProductDependency;
			package = DDA4185529962936000F9572 /* XCRemoteSwiftPackageReference "realm-swift" */;
			productName = Realm;
		};
		DDA4185829962937000F9572 /* RealmSwift */ = {
			isa = XCSwiftPackageProductDependency;
			package = DDA4185529962936000F9572 /* XCRemoteSwiftPackageReference "realm-swift" */;
			productName = RealmSwift;
		};
/* End XCSwiftPackageProductDependency section */
	};
	rootObject = DD003D4C29951F61000A68AB /* Project object */;
}
